{
  "name": "node-re2-sample",
  "version": "1.0.0",
  "lockfileVersion": 1,
  "requires": true,
  "dependencies": {
    "nan": {
      "version": "2.14.0",
      "resolved": "https://registry.npmjs.org/nan/-/nan-2.14.0.tgz",
      "integrity": "sha512-INOFj37C7k3AfaNTtX8RhsTw7qRy7eLET14cROi9+5HAVbbHuIWUHEauBv5qT4Av2tWasiTY1Jw6puUNqRJXQg=="
    },
    "re2": {
      "version": "1.10.0",
      "resolved": "https://registry.npmjs.org/re2/-/re2-1.10.0.tgz",
      "integrity": "sha512-8l/x8dbjI80727ORzrIn1H8zZfhKS6izoxHC+/6r7+w2Qt+tfrxz+9b0vc5hJSBWNkvlg4+VjFYNLAnuYbhI5A==",
      "requires": {
        "nan": "^2.14.0"
      }
    }
  }
}
